
Microsoft Visual Studio Solution File, Format Version 12.00
# Visual Studio Version 17
VisualStudioVersion = 17.6.33829.357
MinimumVisualStudioVersion = 10.0.40219.1
Project("{FAE04EC0-301F-11D3-BF4B-00C04F79EFBC}") = "ChatApi", "ChatApi\ChatApi.csproj", "{6C227167-DB93-4EA9-9950-2507CD2B4848}"
EndProject
Global
	GlobalSection(SolutionConfigurationPlatforms) = preSolution
		Debug|Any CPU = Debug|Any CPU
		Release|Any CPU = Release|Any CPU
	EndGlobalSection
	GlobalSection(ProjectConfigurationPlatforms) = postSolution
		{6C227167-DB93-4EA9-9950-2507CD2B4848}.Debug|Any CPU.ActiveCfg = Debug|Any CPU
		{6C227167-DB93-4EA9-9950-2507CD2B4848}.Debug|Any CPU.Build.0 = Debug|Any CPU
		{6C227167-DB93-4EA9-9950-2507CD2B4848}.Release|Any CPU.ActiveCfg = Release|Any CPU
		{6C227167-DB93-4EA9-9950-2507CD2B4848}.Release|Any CPU.Build.0 = Release|Any CPU
	EndGlobalSection
	GlobalSection(SolutionProperties) = preSolution
		HideSolutionNode = FALSE
	EndGlobalSection
	GlobalSection(ExtensibilityGlobals) = postSolution
		SolutionGuid = {73816DC8-510E-49BA-9DA2-54D43EC8526B}
	EndGlobalSection
EndGlobal
